
Microsoft Visual Studio Solution File, Format Version 12.00
# Visual Studio Express 2012 for Windows Desktop
Project("{FAE04EC0-301F-11D3-BF4B-00C04F79EFBC}") = "進銷存管理系統", "進銷存管理系統.csproj", "{66660961-7366-4834-B637-5F42C7E3C1B7}"
EndProject
Global
	GlobalSection(SolutionConfigurationPlatforms) = preSolution
		Debug|Any CPU = Debug|Any CPU
		Release|Any CPU = Release|Any CPU
	EndGlobalSection
	GlobalSection(ProjectConfigurationPlatforms) = postSolution
		{66660961-7366-4834-B637-5F42C7E3C1B7}.Debug|Any CPU.ActiveCfg = Debug|Any CPU
		{66660961-7366-4834-B637-5F42C7E3C1B7}.Debug|Any CPU.Build.0 = Debug|Any CPU
		{66660961-7366-4834-B637-5F42C7E3C1B7}.Release|Any CPU.ActiveCfg = Release|Any CPU
		{66660961-7366-4834-B637-5F42C7E3C1B7}.Release|Any CPU.Build.0 = Release|Any CPU
	EndGlobalSection
	GlobalSection(SolutionProperties) = preSolution
		HideSolutionNode = FALSE
	EndGlobalSection
EndGlobal
